
Microsoft Visual Studio Solution File, Format Version 12.00
# Visual Studio Version 16
VisualStudioVersion = 25.0.1704.4
MinimumVisualStudioVersion = 10.0.40219.1
Project("{FAE04EC0-301F-11D3-BF4B-00C04F79EFBC}") = "Gallery_App", "Gallery_App\Gallery_App.csproj", "{681832DA-0ADA-4DF1-B7B2-2FF2EEBEAF82}"
EndProject
Global
	GlobalSection(SolutionConfigurationPlatforms) = preSolution
		Debug|Any CPU = Debug|Any CPU
		Release|Any CPU = Release|Any CPU
	EndGlobalSection
	GlobalSection(ProjectConfigurationPlatforms) = postSolution
		{681832DA-0ADA-4DF1-B7B2-2FF2EEBEAF82}.Debug|Any CPU.ActiveCfg = Debug|Any CPU
		{681832DA-0ADA-4DF1-B7B2-2FF2EEBEAF82}.Debug|Any CPU.Build.0 = Debug|Any CPU
		{681832DA-0ADA-4DF1-B7B2-2FF2EEBEAF82}.Release|Any CPU.ActiveCfg = Release|Any CPU
		{681832DA-0ADA-4DF1-B7B2-2FF2EEBEAF82}.Release|Any CPU.Build.0 = Release|Any CPU
	EndGlobalSection
	GlobalSection(SolutionProperties) = preSolution
		HideSolutionNode = FALSE
	EndGlobalSection
	GlobalSection(ExtensibilityGlobals) = postSolution
		SolutionGuid = {D712FFE5-547E-4A24-8FA8-9ADCEBE32B7E}
	EndGlobalSection
EndGlobal
